github.com/go-sql-driver/mysql v1.6.0 h1:BCTh4TKNUYmOmMUcQ3IipzF5prigylS7XXjEkfCHuOE=
github.com/go-sql-driver/mysql v1.6.0/go.mod h1:DCzpHaOWr8IXmIStZouvnhqoel9Qv2LBy8hT2VhHyBg=
github.com/jszwec/csvutil v1.5.1 h1:c3GFBhj6DFMUl4dMK3+B6rz2+LWWS/e9VJiVJ9t9kfQ=
github.com/jszwec/csvutil v1.5.1/go.mod h1:Rpu7Uu9giO9subDyMCIQfHVDuLrcaC36UA4YcJjGBkg=
